
Microsoft Visual Studio Solution File, Format Version 12.00
# Visual Studio Version 16
VisualStudioVersion = 16.0.31129.286
MinimumVisualStudioVersion = 10.0.40219.1
Project("{9A19103F-16F7-4668-BE54-9A1E7A4F7556}") = "NumberSeries", "NumberSeries\NumberSeries.csproj", "{80B34F61-E5AE-4DC3-B560-BED61B7D30E6}"
EndProject
Project("{9A19103F-16F7-4668-BE54-9A1E7A4F7556}") = "CodeTest.Api", "CodeTest.Api\CodeTest.Api.csproj", "{F7BA872A-4F7B-440A-B3C2-993E4D619BD1}"
EndProject
Project("{2150E333-8FDC-42A3-9474-1A3956D46DE8}") = "Tests", "Tests", "{2E020355-A7E4-4A3F-8DCA-231510C2B372}"
EndProject
Project("{FAE04EC0-301F-11D3-BF4B-00C04F79EFBC}") = "CodeTest.Tests", "CodeTest.Tests\CodeTest.Tests.csproj", "{D35595BB-08E6-4867-81BB-15078DA8FAD3}"
EndProject
Global
	GlobalSection(SolutionConfigurationPlatforms) = preSolution
		Debug|Any CPU = Debug|Any CPU
		Release|Any CPU = Release|Any CPU
	EndGlobalSection
	GlobalSection(ProjectConfigurationPlatforms) = postSolution
		{80B34F61-E5AE-4DC3-B560-BED61B7D30E6}.Debug|Any CPU.ActiveCfg = Debug|Any CPU
		{80B34F61-E5AE-4DC3-B560-BED61B7D30E6}.Debug|Any CPU.Build.0 = Debug|Any CPU
		{80B34F61-E5AE-4DC3-B560-BED61B7D30E6}.Release|Any CPU.ActiveCfg = Release|Any CPU
		{80B34F61-E5AE-4DC3-B560-BED61B7D30E6}.Release|Any CPU.Build.0 = Release|Any CPU
		{F7BA872A-4F7B-440A-B3C2-993E4D619BD1}.Debug|Any CPU.ActiveCfg = Debug|Any CPU
		{F7BA872A-4F7B-440A-B3C2-993E4D619BD1}.Debug|Any CPU.Build.0 = Debug|Any CPU
		{F7BA872A-4F7B-440A-B3C2-993E4D619BD1}.Release|Any CPU.ActiveCfg = Release|Any CPU
		{F7BA872A-4F7B-440A-B3C2-993E4D619BD1}.Release|Any CPU.Build.0 = Release|Any CPU
		{D35595BB-08E6-4867-81BB-15078DA8FAD3}.Debug|Any CPU.ActiveCfg = Debug|Any CPU
		{D35595BB-08E6-4867-81BB-15078DA8FAD3}.Debug|Any CPU.Build.0 = Debug|Any CPU
		{D35595BB-08E6-4867-81BB-15078DA8FAD3}.Release|Any CPU.ActiveCfg = Release|Any CPU
		{D35595BB-08E6-4867-81BB-15078DA8FAD3}.Release|Any CPU.Build.0 = Release|Any CPU
	EndGlobalSection
	GlobalSection(SolutionProperties) = preSolution
		HideSolutionNode = FALSE
	EndGlobalSection
	GlobalSection(NestedProjects) = preSolution
		{D35595BB-08E6-4867-81BB-15078DA8FAD3} = {2E020355-A7E4-4A3F-8DCA-231510C2B372}
	EndGlobalSection
	GlobalSection(ExtensibilityGlobals) = postSolution
		SolutionGuid = {92B4FDA7-996D-45F5-9C22-B8EA59225B82}
	EndGlobalSection
EndGlobal
